
Microsoft Visual Studio Solution File, Format Version 12.00
# Visual Studio Version 17
VisualStudioVersion = 17.13.35825.156 d17.13
MinimumVisualStudioVersion = 10.0.40219.1
Project("{FAE04EC0-301F-11D3-BF4B-00C04F79EFBC}") = "ArchipelagoSignalis", "ArchipelagoSignalis\ArchipelagoSignalis.csproj", "{49F8A64C-625E-4AD0-8D6F-F2BA8B0CDD5B}"
EndProject
Global
	GlobalSection(SolutionConfigurationPlatforms) = preSolution
		Debug|Any CPU = Debug|Any CPU
		Release|Any CPU = Release|Any CPU
	EndGlobalSection
	GlobalSection(ProjectConfigurationPlatforms) = postSolution
		{49F8A64C-625E-4AD0-8D6F-F2BA8B0CDD5B}.Debug|Any CPU.ActiveCfg = Debug|Any CPU
		{49F8A64C-625E-4AD0-8D6F-F2BA8B0CDD5B}.Debug|Any CPU.Build.0 = Debug|Any CPU
		{49F8A64C-625E-4AD0-8D6F-F2BA8B0CDD5B}.Release|Any CPU.ActiveCfg = Release|Any CPU
		{49F8A64C-625E-4AD0-8D6F-F2BA8B0CDD5B}.Release|Any CPU.Build.0 = Release|Any CPU
	EndGlobalSection
	GlobalSection(SolutionProperties) = preSolution
		HideSolutionNode = FALSE
	EndGlobalSection
	GlobalSection(ExtensibilityGlobals) = postSolution
		SolutionGuid = {D8FF86B0-68DA-43C5-A9E9-4B2BE13C448F}
	EndGlobalSection
EndGlobal
